// !$*UTF8*$!
{
	archiveVersion = 1;
	classes = {
	};
	objectVersion = 51;
	objects = {

/* Begin PBXBuildFile section */
		8D54A490B53631CBACF6B410 /* Pods_Muslim_Guide.framework in Frameworks */ = {isa = PBXBuildFile; fileRef = D395EE8A7456E1CEA3BED63D /* Pods_Muslim_Guide.framework */; };
		BDC4BFA024C7F27C000E2A7B /* AppDelegate.swift in Sources */ = {isa = PBXBuildFile; fileRef = BDC4BF9F24C7F27C000E2A7B /* AppDelegate.swift */; };
		BDC4BFA224C7F27C000E2A7B /* SceneDelegate.swift in Sources */ = {isa = PBXBuildFile; fileRef = BDC4BFA124C7F27C000E2A7B /* SceneDelegate.swift */; };
		BDC4BFA424C7F27C000E2A7B /* ContentView.swift in Sources */ = {isa = PBXBuildFile; fileRef = BDC4BFA324C7F27C000E2A7B /* ContentView.swift */; };
		BDC4BFA624C7F28A000E2A7B /* Assets.xcassets in Resources */ = {isa = PBXBuildFile; fileRef = BDC4BFA524C7F28A000E2A7B /* Assets.xcassets */; };
		BDC4BFA924C7F28A000E2A7B /* Preview Assets.xcassets in Resources */ = {isa = PBXBuildFile; fileRef = BDC4BFA824C7F28A000E2A7B /* Preview Assets.xcassets */; };
		BDC4BFAC24C7F28A000E2A7B /* LaunchScreen.storyboard in Resources */ = {isa = PBXBuildFile; fileRef = BDC4BFAA24C7F28A000E2A7B /* LaunchScreen.storyboard */; };
		BDC4BFC024C7F5C9000E2A7B /* Constants.swift in Sources */ = {isa = PBXBuildFile; fileRef = BDC4BFB824C7F5C7000E2A7B /* Constants.swift */; };
		BDC4BFC224C7F5C9000E2A7B /* TimeManger.swift in Sources */ = {isa = PBXBuildFile; fileRef = BDC4BFBA24C7F5C8000E2A7B /* TimeManger.swift */; };
		BDC4BFC324C7F5C9000E2A7B /* PrayerCalendar.swift in Sources */ = {isa = PBXBuildFile; fileRef = BDC4BFBB24C7F5C8000E2A7B /* PrayerCalendar.swift */; };
		BDC4BFC424C7F5C9000E2A7B /* NotificationManger.swift in Sources */ = {isa = PBXBuildFile; fileRef = BDC4BFBC24C7F5C8000E2A7B /* NotificationManger.swift */; };
		BDC4BFC524C7F5C9000E2A7B /* HelperFunctions.swift in Sources */ = {isa = PBXBuildFile; fileRef = BDC4BFBD24C7F5C8000E2A7B /* HelperFunctions.swift */; };
		BDC4BFC624C7F5C9000E2A7B /* NextPrayer.swift in Sources */ = {isa = PBXBuildFile; fileRef = BDC4BFBE24C7F5C8000E2A7B /* NextPrayer.swift */; };
		BDC4BFC724C7F5C9000E2A7B /* Coordinate.swift in Sources */ = {isa = PBXBuildFile; fileRef = BDC4BFBF24C7F5C9000E2A7B /* Coordinate.swift */; };
		BDC4BFCD24C7F79C000E2A7B /* PrayerTimesCalendar.swift in Sources */ = {isa = PBXBuildFile; fileRef = BDC4BFC824C7F79B000E2A7B /* PrayerTimesCalendar.swift */; };
		BDC4BFCE24C7F79C000E2A7B /* CurrentLocation.swift in Sources */ = {isa = PBXBuildFile; fileRef = BDC4BFC924C7F79B000E2A7B /* CurrentLocation.swift */; };
		BDC4BFCF24C7F79C000E2A7B /* CurrentCity.swift in Sources */ = {isa = PBXBuildFile; fileRef = BDC4BFCA24C7F79C000E2A7B /* CurrentCity.swift */; };
		BDC4BFD024C7F79C000E2A7B /* AlarmState.swift in Sources */ = {isa = PBXBuildFile; fileRef = BDC4BFCB24C7F79C000E2A7B /* AlarmState.swift */; };
		BDC4BFD124C7F79C000E2A7B /* City.swift in Sources */ = {isa = PBXBuildFile; fileRef = BDC4BFCC24C7F79C000E2A7B /* City.swift */; };
		BDC4BFD324C80BB3000E2A7B /* PrayerTimesDB.swift in Sources */ = {isa = PBXBuildFile; fileRef = BDC4BFD224C80BB3000E2A7B /* PrayerTimesDB.swift */; };
		BDC4BFD524C80D14000E2A7B /* PrayerTimesView.swift in Sources */ = {isa = PBXBuildFile; fileRef = BDC4BFD424C80D14000E2A7B /* PrayerTimesView.swift */; };
		BDC4BFDC24C80DA9000E2A7B /* Service.swift in Sources */ = {isa = PBXBuildFile; fileRef = BDC4BFDB24C80DA9000E2A7B /* Service.swift */; };
		BDC4BFDE24C80DEF000E2A7B /* azahn.mp3 in Resources */ = {isa = PBXBuildFile; fileRef = BDC4BFDD24C80DEF000E2A7B /* azahn.mp3 */; };
		BDC4BFE024C810B7000E2A7B /* BackgroundManger.swift in Sources */ = {isa = PBXBuildFile; fileRef = BDC4BFDF24C810B7000E2A7B /* BackgroundManger.swift */; };
		BDC4BFE424C81D35000E2A7B /* PrayerTimesViewModel.swift in Sources */ = {isa = PBXBuildFile; fileRef = BDC4BFE324C81D35000E2A7B /* PrayerTimesViewModel.swift */; };
		BDC89BA524C95DB500B30684 /* Demo2.gif in Resources */ = {isa = PBXBuildFile; fileRef = BDC89BA224C95DAF00B30684 /* Demo2.gif */; };
		BDC89BA624C95DB500B30684 /* Demo1.gif in Resources */ = {isa = PBXBuildFile; fileRef = BDC89BA324C95DB100B30684 /* Demo1.gif */; };
		BDC89BA724C95DB500B30684 /* ScreenShot.PNG in Resources */ = {isa = PBXBuildFile; fileRef = BDC89BA424C95DB500B30684 /* ScreenShot.PNG */; };
/* End PBXBuildFile section */

/* Begin PBXFileReference section */
		1504496706D4B834C5222B9D /* Pods-Muslim Guide.release.xcconfig */ = {isa = PBXFileReference; includeInIndex = 1; lastKnownFileType = text.xcconfig; name = "Pods-Muslim Guide.release.xcconfig"; path = "Target Support Files/Pods-Muslim Guide/Pods-Muslim Guide.release.xcconfig"; sourceTree = "<group>"; };
		23F9F0D1CD1F17E75D4BE925 /* Pods-Muslim Guide.debug.xcconfig */ = {isa = PBXFileReference; includeInIndex = 1; lastKnownFileType = text.xcconfig; name = "Pods-Muslim Guide.debug.xcconfig"; path = "Target Support Files/Pods-Muslim Guide/Pods-Muslim Guide.debug.xcconfig"; sourceTree = "<group>"; };
		BDC4BF9C24C7F27C000E2A7B /* Muslim Guide.app */ = {isa = PBXFileReference; explicitFileType = wrapper.application; includeInIndex = 0; path = "Muslim Guide.app"; sourceTree = BUILT_PRODUCTS_DIR; };
		BDC4BF9F24C7F27C000E2A7B /* AppDelegate.swift */ = {isa = PBXFileReference; lastKnownFileType = sourcecode.swift; path = AppDelegate.swift; sourceTree = "<group>"; };
		BDC4BFA124C7F27C000E2A7B /* SceneDelegate.swift */ = {isa = PBXFileReference; lastKnownFileType = sourcecode.swift; path = SceneDelegate.swift; sourceTree = "<group>"; };
		BDC4BFA324C7F27C000E2A7B /* ContentView.swift */ = {isa = PBXFileReference; lastKnownFileType = sourcecode.swift; path = ContentView.swift; sourceTree = "<group>"; };
		BDC4BFA524C7F28A000E2A7B /* Assets.xcassets */ = {isa = PBXFileReference; lastKnownFileType = folder.assetcatalog; path = Assets.xcassets; sourceTree = "<group>"; };
		BDC4BFA824C7F28A000E2A7B /* Preview Assets.xcassets */ = {isa = PBXFileReference; lastKnownFileType = folder.assetcatalog; path = "Preview Assets.xcassets"; sourceTree = "<group>"; };
		BDC4BFAB24C7F28A000E2A7B /* Base */ = {isa = PBXFileReference; lastKnownFileType = file.storyboard; name = Base; path = Base.lproj/LaunchScreen.storyboard; sourceTree = "<group>"; };
		BDC4BFAD24C7F28A000E2A7B /* Info.plist */ = {isa = PBXFileReference; lastKnownFileType = text.plist.xml; path = Info.plist; sourceTree = "<group>"; };
		BDC4BFB824C7F5C7000E2A7B /* Constants.swift */ = {isa = PBXFileReference; fileEncoding = 4; lastKnownFileType = sourcecode.swift; path = Constants.swift; sourceTree = "<group>"; };
		BDC4BFBA24C7F5C8000E2A7B /* TimeManger.swift */ = {isa = PBXFileReference; fileEncoding = 4; lastKnownFileType = sourcecode.swift; path = TimeManger.swift; sourceTree = "<group>"; };
		BDC4BFBB24C7F5C8000E2A7B /* PrayerCalendar.swift */ = {isa = PBXFileReference; fileEncoding = 4; lastKnownFileType = sourcecode.swift; path = PrayerCalendar.swift; sourceTree = "<group>"; };
		BDC4BFBC24C7F5C8000E2A7B /* NotificationManger.swift */ = {isa = PBXFileReference; fileEncoding = 4; lastKnownFileType = sourcecode.swift; path = NotificationManger.swift; sourceTree = "<group>"; };
		BDC4BFBD24C7F5C8000E2A7B /* HelperFunctions.swift */ = {isa = PBXFileReference; fileEncoding = 4; lastKnownFileType = sourcecode.swift; path = HelperFunctions.swift; sourceTree = "<group>"; };
		BDC4BFBE24C7F5C8000E2A7B /* NextPrayer.swift */ = {isa = PBXFileReference; fileEncoding = 4; lastKnownFileType = sourcecode.swift; path = NextPrayer.swift; sourceTree = "<group>"; };
		BDC4BFBF24C7F5C9000E2A7B /* Coordinate.swift */ = {isa = PBXFileReference; fileEncoding = 4; lastKnownFileType = sourcecode.swift; path = Coordinate.swift; sourceTree = "<group>"; };
		BDC4BFC824C7F79B000E2A7B /* PrayerTimesCalendar.swift */ = {isa = PBXFileReference; fileEncoding = 4; lastKnownFileType = sourcecode.swift; path = PrayerTimesCalendar.swift; sourceTree = "<group>"; };
		BDC4BFC924C7F79B000E2A7B /* CurrentLocation.swift */ = {isa = PBXFileReference; fileEncoding = 4; lastKnownFileType = sourcecode.swift; path = CurrentLocation.swift; sourceTree = "<group>"; };
		BDC4BFCA24C7F79C000E2A7B /* CurrentCity.swift */ = {isa = PBXFileReference; fileEncoding = 4; lastKnownFileType = sourcecode.swift; path = CurrentCity.swift; sourceTree = "<group>"; };
		BDC4BFCB24C7F79C000E2A7B /* AlarmState.swift */ = {isa = PBXFileReference; fileEncoding = 4; lastKnownFileType = sourcecode.swift; path = AlarmState.swift; sourceTree = "<group>"; };
		BDC4BFCC24C7F79C000E2A7B /* City.swift */ = {isa = PBXFileReference; fileEncoding = 4; lastKnownFileType = sourcecode.swift; path = City.swift; sourceTree = "<group>"; };
		BDC4BFD224C80BB3000E2A7B /* PrayerTimesDB.swift */ = {isa = PBXFileReference; lastKnownFileType = sourcecode.swift; path = PrayerTimesDB.swift; sourceTree = "<group>"; };
		BDC4BFD424C80D14000E2A7B /* PrayerTimesView.swift */ = {isa = PBXFileReference; fileEncoding = 4; lastKnownFileType = sourcecode.swift; path = PrayerTimesView.swift; sourceTree = "<group>"; };
		BDC4BFDB24C80DA9000E2A7B /* Service.swift */ = {isa = PBXFileReference; fileEncoding = 4; lastKnownFileType = sourcecode.swift; path = Service.swift; sourceTree = "<group>"; };
		BDC4BFDD24C80DEF000E2A7B /* azahn.mp3 */ = {isa = PBXFileReference; lastKnownFileType = audio.mp3; path = azahn.mp3; sourceTree = "<group>"; };
		BDC4BFDF24C810B7000E2A7B /* BackgroundManger.swift */ = {isa = PBXFileReference; lastKnownFileType = sourcecode.swift; path = BackgroundManger.swift; sourceTree = "<group>"; };
		BDC4BFE324C81D35000E2A7B /* PrayerTimesViewModel.swift */ = {isa = PBXFileReference; fileEncoding = 4; lastKnownFileType = sourcecode.swift; path = PrayerTimesViewModel.swift; sourceTree = "<group>"; };
		BDC89BA224C95DAF00B30684 /* Demo2.gif */ = {isa = PBXFileReference; lastKnownFileType = image.gif; path = Demo2.gif; sourceTree = "<group>"; };
		BDC89BA324C95DB100B30684 /* Demo1.gif */ = {isa = PBXFileReference; lastKnownFileType = image.gif; path = Demo1.gif; sourceTree = "<group>"; };
		BDC89BA424C95DB500B30684 /* ScreenShot.PNG */ = {isa = PBXFileReference; lastKnownFileType = image.png; path = ScreenShot.PNG; sourceTree = "<group>"; };
		D395EE8A7456E1CEA3BED63D /* Pods_Muslim_Guide.framework */ = {isa = PBXFileReference; explicitFileType = wrapper.framework; includeInIndex = 0; path = Pods_Muslim_Guide.framework; sourceTree = BUILT_PRODUCTS_DIR; };
/* End PBXFileReference section */

/* Begin PBXFrameworksBuildPhase section */
		BDC4BF9924C7F27C000E2A7B /* Frameworks */ = {
			isa = PBXFrameworksBuildPhase;
			buildActionMask = 2147483647;
			files = (
				8D54A490B53631CBACF6B410 /* Pods_Muslim_Guide.framework in Frameworks */,
			);
			runOnlyForDeploymentPostprocessing = 0;
		};
/* End PBXFrameworksBuildPhase section */

/* Begin PBXGroup section */
		73F0C14398E03E8DA70AD7A9 /* Pods */ = {
			isa = PBXGroup;
			children = (
				23F9F0D1CD1F17E75D4BE925 /* Pods-Muslim Guide.debug.xcconfig */,
				1504496706D4B834C5222B9D /* Pods-Muslim Guide.release.xcconfig */,
			);
			path = Pods;
			sourceTree = "<group>";
		};
		A694D7CE23FA761577B691F9 /* Frameworks */ = {
			isa = PBXGroup;
			children = (
				D395EE8A7456E1CEA3BED63D /* Pods_Muslim_Guide.framework */,
			);
			name = Frameworks;
			sourceTree = "<group>";
		};
		BDC4BF9324C7F27C000E2A7B = {
			isa = PBXGroup;
			children = (
				BDC4BF9E24C7F27C000E2A7B /* Muslim Guide */,
				BDC4BF9D24C7F27C000E2A7B /* Products */,
				73F0C14398E03E8DA70AD7A9 /* Pods */,
				A694D7CE23FA761577B691F9 /* Frameworks */,
				BDC89BA124C95CC300B30684 /* Demo */,
			);
			sourceTree = "<group>";
		};
		BDC4BF9D24C7F27C000E2A7B /* Products */ = {
			isa = PBXGroup;
			children = (
				BDC4BF9C24C7F27C000E2A7B /* Muslim Guide.app */,
			);
			name = Products;
			sourceTree = "<group>";
		};
		BDC4BF9E24C7F27C000E2A7B /* Muslim Guide */ = {
			isa = PBXGroup;
			children = (
				BDC4BFB324C7F37D000E2A7B /* Model */,
				BDC4BFB424C7F388000E2A7B /* View */,
				BDC4BFB524C7F3A6000E2A7B /* View Model */,
				BDC4BFDA24C80D8D000E2A7B /* Services */,
				BDC4BFDD24C80DEF000E2A7B /* azahn.mp3 */,
				BDC4BF9F24C7F27C000E2A7B /* AppDelegate.swift */,
				BDC4BFA124C7F27C000E2A7B /* SceneDelegate.swift */,
				BDC4BFA324C7F27C000E2A7B /* ContentView.swift */,
				BDC4BFA524C7F28A000E2A7B /* Assets.xcassets */,
				BDC4BFAA24C7F28A000E2A7B /* LaunchScreen.storyboard */,
				BDC4BFAD24C7F28A000E2A7B /* Info.plist */,
				BDC4BFA724C7F28A000E2A7B /* Preview Content */,
			);
			path = "Muslim Guide";
			sourceTree = "<group>";
		};
		BDC4BFA724C7F28A000E2A7B /* Preview Content */ = {
			isa = PBXGroup;
			children = (
				BDC4BFA824C7F28A000E2A7B /* Preview Assets.xcassets */,
			);
			path = "Preview Content";
			sourceTree = "<group>";
		};
		BDC4BFB324C7F37D000E2A7B /* Model */ = {
			isa = PBXGroup;
			children = (
				BDC4BFB724C7F3E6000E2A7B /* DataBase Class */,
				BDC4BFB624C7F3D2000E2A7B /* Data Model */,
			);
			path = Model;
			sourceTree = "<group>";
		};
		BDC4BFB424C7F388000E2A7B /* View */ = {
			isa = PBXGroup;
			children = (
				BDC4BFD424C80D14000E2A7B /* PrayerTimesView.swift */,
			);
			path = View;
			sourceTree = "<group>";
		};
		BDC4BFB524C7F3A6000E2A7B /* View Model */ = {
			isa = PBXGroup;
			children = (
				BDC4BFE324C81D35000E2A7B /* PrayerTimesViewModel.swift */,
			);
			path = "View Model";
			sourceTree = "<group>";
		};
		BDC4BFB624C7F3D2000E2A7B /* Data Model */ = {
			isa = PBXGroup;
			children = (
				BDC4BFB824C7F5C7000E2A7B /* Constants.swift */,
				BDC4BFBF24C7F5C9000E2A7B /* Coordinate.swift */,
				BDC4BFBD24C7F5C8000E2A7B /* HelperFunctions.swift */,
				BDC4BFBE24C7F5C8000E2A7B /* NextPrayer.swift */,
				BDC4BFBC24C7F5C8000E2A7B /* NotificationManger.swift */,
				BDC4BFBB24C7F5C8000E2A7B /* PrayerCalendar.swift */,
				BDC4BFBA24C7F5C8000E2A7B /* TimeManger.swift */,
				BDC4BFDF24C810B7000E2A7B /* BackgroundManger.swift */,
			);
			path = "Data Model";
			sourceTree = "<group>";
		};
		BDC4BFB724C7F3E6000E2A7B /* DataBase Class */ = {
			isa = PBXGroup;
			children = (
				BDC4BFCB24C7F79C000E2A7B /* AlarmState.swift */,
				BDC4BFCC24C7F79C000E2A7B /* City.swift */,
				BDC4BFCA24C7F79C000E2A7B /* CurrentCity.swift */,
				BDC4BFC924C7F79B000E2A7B /* CurrentLocation.swift */,
				BDC4BFC824C7F79B000E2A7B /* PrayerTimesCalendar.swift */,
				BDC4BFD224C80BB3000E2A7B /* PrayerTimesDB.swift */,
			);
			path = "DataBase Class";
			sourceTree = "<group>";
		};
		BDC4BFDA24C80D8D000E2A7B /* Services */ = {
			isa = PBXGroup;
			children = (
				BDC4BFDB24C80DA9000E2A7B /* Service.swift */,
			);
			path = Services;
			sourceTree = "<group>";
		};
		BDC89BA124C95CC300B30684 /* Demo */ = {
			isa = PBXGroup;
			children = (
				BDC89BA324C95DB100B30684 /* Demo1.gif */,
				BDC89BA224C95DAF00B30684 /* Demo2.gif */,
				BDC89BA424C95DB500B30684 /* ScreenShot.PNG */,
			);
			path = Demo;
			sourceTree = "<group>";
		};
/* End PBXGroup section */

/* Begin PBXNativeTarget section */
		BDC4BF9B24C7F27C000E2A7B /* Muslim Guide */ = {
			isa = PBXNativeTarget;
			buildConfigurationList = BDC4BFB024C7F28A000E2A7B /* Build configuration list for PBXNativeTarget "Muslim Guide" */;
			buildPhases = (
				D015F1874DFCEF38B805093F /* [CP] Check Pods Manifest.lock */,
				BDC4BF9824C7F27C000E2A7B /* Sources */,
				BDC4BF9924C7F27C000E2A7B /* Frameworks */,
				BDC4BF9A24C7F27C000E2A7B /* Resources */,
				91855A5A016079B4DEB525DE /* [CP] Embed Pods Frameworks */,
			);
			buildRules = (
			);
			dependencies = (
			);
			name = "Muslim Guide";
			productName = "Muslim Guide";
			productReference = BDC4BF9C24C7F27C000E2A7B /* Muslim Guide.app */;
			productType = "com.apple.product-type.application";
		};
/* End PBXNativeTarget section */

/* Begin PBXProject section */
		BDC4BF9424C7F27C000E2A7B /* Project object */ = {
			isa = PBXProject;
			attributes = {
				LastSwiftUpdateCheck = 1160;
				LastUpgradeCheck = 1160;
				ORGANIZATIONNAME = "macboock pro";
				TargetAttributes = {
					BDC4BF9B24C7F27C000E2A7B = {
						CreatedOnToolsVersion = 11.6;
					};
				};
			};
			buildConfigurationList = BDC4BF9724C7F27C000E2A7B /* Build configuration list for PBXProject "Muslim Guide" */;
			compatibilityVersion = "Xcode 9.3";
			developmentRegion = en;
			hasScannedForEncodings = 0;
			knownRegions = (
				en,
				Base,
			);
			mainGroup = BDC4BF9324C7F27C000E2A7B;
			productRefGroup = BDC4BF9D24C7F27C000E2A7B /* Products */;
			projectDirPath = "";
			projectRoot = "";
			targets = (
				BDC4BF9B24C7F27C000E2A7B /* Muslim Guide */,
			);
		};
/* End PBXProject section */

/* Begin PBXResourcesBuildPhase section */
		BDC4BF9A24C7F27C000E2A7B /* Resources */ = {
			isa = PBXResourcesBuildPhase;
			buildActionMask = 2147483647;
			files = (
				BDC4BFAC24C7F28A000E2A7B /* LaunchScreen.storyboard in Resources */,
				BDC4BFDE24C80DEF000E2A7B /* azahn.mp3 in Resources */,
				BDC4BFA924C7F28A000E2A7B /* Preview Assets.xcassets in Resources */,
				BDC89BA524C95DB500B30684 /* Demo2.gif in Resources */,
				BDC4BFA624C7F28A000E2A7B /* Assets.xcassets in Resources */,
				BDC89BA724C95DB500B30684 /* ScreenShot.PNG in Resources */,
				BDC89BA624C95DB500B30684 /* Demo1.gif in Resources */,
			);
			runOnlyForDeploymentPostprocessing = 0;
		};
/* End PBXResourcesBuildPhase section */

/* Begin PBXShellScriptBuildPhase section */
		91855A5A016079B4DEB525DE /* [CP] Embed Pods Frameworks */ = {
			isa = PBXShellScriptBuildPhase;
			buildActionMask = 2147483647;
			files = (
			);
			inputFileListPaths = (
				"${PODS_ROOT}/Target Support Files/Pods-Muslim Guide/Pods-Muslim Guide-frameworks-${CONFIGURATION}-input-files.xcfilelist",
			);
			name = "[CP] Embed Pods Frameworks";
			outputFileListPaths = (
				"${PODS_ROOT}/Target Support Files/Pods-Muslim Guide/Pods-Muslim Guide-frameworks-${CONFIGURATION}-output-files.xcfilelist",
			);
			runOnlyForDeploymentPostprocessing = 0;
			shellPath = /bin/sh;
			shellScript = "\"${PODS_ROOT}/Target Support Files/Pods-Muslim Guide/Pods-Muslim Guide-frameworks.sh\"\n";
			showEnvVarsInLog = 0;
		};
		D015F1874DFCEF38B805093F /* [CP] Check Pods Manifest.lock */ = {
			isa = PBXShellScriptBuildPhase;
			buildActionMask = 2147483647;
			files = (
			);
			inputFileListPaths = (
			);
			inputPaths = (
				"${PODS_PODFILE_DIR_PATH}/Podfile.lock",
				"${PODS_ROOT}/Manifest.lock",
			);
			name = "[CP] Check Pods Manifest.lock";
			outputFileListPaths = (
			);
			outputPaths = (
				"$(DERIVED_FILE_DIR)/Pods-Muslim Guide-checkManifestLockResult.txt",
			);
			runOnlyForDeploymentPostprocessing = 0;
			shellPath = /bin/sh;
			shellScript = "diff \"${PODS_PODFILE_DIR_PATH}/Podfile.lock\" \"${PODS_ROOT}/Manifest.lock\" > /dev/null\nif [ $? != 0 ] ; then\n    # print error to STDERR\n    echo \"error: The sandbox is not in sync with the Podfile.lock. Run 'pod install' or update your CocoaPods installation.\" >&2\n    exit 1\nfi\n# This output is used by Xcode 'outputs' to avoid re-running this script phase.\necho \"SUCCESS\" > \"${SCRIPT_OUTPUT_FILE_0}\"\n";
			showEnvVarsInLog = 0;
		};
/* End PBXShellScriptBuildPhase section */

/* Begin PBXSourcesBuildPhase section */
		BDC4BF9824C7F27C000E2A7B /* Sources */ = {
			isa = PBXSourcesBuildPhase;
			buildActionMask = 2147483647;
			files = (
				BDC4BFCE24C7F79C000E2A7B /* CurrentLocation.swift in Sources */,
				BDC4BFD024C7F79C000E2A7B /* AlarmState.swift in Sources */,
				BDC4BFD524C80D14000E2A7B /* PrayerTimesView.swift in Sources */,
				BDC4BFA024C7F27C000E2A7B /* AppDelegate.swift in Sources */,
				BDC4BFCD24C7F79C000E2A7B /* PrayerTimesCalendar.swift in Sources */,
				BDC4BFC324C7F5C9000E2A7B /* PrayerCalendar.swift in Sources */,
				BDC4BFA224C7F27C000E2A7B /* SceneDelegate.swift in Sources */,
				BDC4BFA424C7F27C000E2A7B /* ContentView.swift in Sources */,
				BDC4BFC424C7F5C9000E2A7B /* NotificationManger.swift in Sources */,
				BDC4BFDC24C80DA9000E2A7B /* Service.swift in Sources */,
				BDC4BFC724C7F5C9000E2A7B /* Coordinate.swift in Sources */,
				BDC4BFD324C80BB3000E2A7B /* PrayerTimesDB.swift in Sources */,
				BDC4BFC224C7F5C9000E2A7B /* TimeManger.swift in Sources */,
				BDC4BFC024C7F5C9000E2A7B /* Constants.swift in Sources */,
				BDC4BFE024C810B7000E2A7B /* BackgroundManger.swift in Sources */,
				BDC4BFD124C7F79C000E2A7B /* City.swift in Sources */,
				BDC4BFC524C7F5C9000E2A7B /* HelperFunctions.swift in Sources */,
				BDC4BFE424C81D35000E2A7B /* PrayerTimesViewModel.swift in Sources */,
				BDC4BFC624C7F5C9000E2A7B /* NextPrayer.swift in Sources */,
				BDC4BFCF24C7F79C000E2A7B /* CurrentCity.swift in Sources */,
			);
			runOnlyForDeploymentPostprocessing = 0;
		};
/* End PBXSourcesBuildPhase section */

/* Begin PBXVariantGroup section */
		BDC4BFAA24C7F28A000E2A7B /* LaunchScreen.storyboard */ = {
			isa = PBXVariantGroup;
			children = (
				BDC4BFAB24C7F28A000E2A7B /* Base */,
			);
			name = LaunchScreen.storyboard;
			sourceTree = "<group>";
		};
/* End PBXVariantGroup section */

/* Begin XCBuildConfiguration section */
		BDC4BFAE24C7F28A000E2A7B /* Debug */ = {
			isa = XCBuildConfiguration;
			buildSettings = {
				ALWAYS_SEARCH_USER_PATHS = NO;
				CLANG_ANALYZER_NONNULL = YES;
				CLANG_ANALYZER_NUMBER_OBJECT_CONVERSION = YES_AGGRESSIVE;
				CLANG_CXX_LANGUAGE_STANDARD = "gnu++14";
				CLANG_CXX_LIBRARY = "libc++";
				CLANG_ENABLE_MODULES = YES;
				CLANG_ENABLE_OBJC_ARC = YES;
				CLANG_ENABLE_OBJC_WEAK = YES;
				CLANG_WARN_BLOCK_CAPTURE_AUTORELEASING = YES;
				CLANG_WARN_BOOL_CONVERSION = YES;
				CLANG_WARN_COMMA = YES;
				CLANG_WARN_CONSTANT_CONVERSION = YES;
				CLANG_WARN_DEPRECATED_OBJC_IMPLEMENTATIONS = YES;
				CLANG_WARN_DIRECT_OBJC_ISA_USAGE = YES_ERROR;
				CLANG_WARN_DOCUMENTATION_COMMENTS = YES;
				CLANG_WARN_EMPTY_BODY = YES;
				CLANG_WARN_ENUM_CONVERSION = YES;
				CLANG_WARN_INFINITE_RECURSION = YES;
				CLANG_WARN_INT_CONVERSION = YES;
				CLANG_WARN_NON_LITERAL_NULL_CONVERSION = YES;
				CLANG_WARN_OBJC_IMPLICIT_RETAIN_SELF = YES;
				CLANG_WARN_OBJC_LITERAL_CONVERSION = YES;
				CLANG_WARN_OBJC_ROOT_CLASS = YES_ERROR;
				CLANG_WARN_RANGE_LOOP_ANALYSIS = YES;
				CLANG_WARN_STRICT_PROTOTYPES = YES;
				CLANG_WARN_SUSPICIOUS_MOVE = YES;
				CLANG_WARN_UNGUARDED_AVAILABILITY = YES_AGGRESSIVE;
				CLANG_WARN_UNREACHABLE_CODE = YES;
				CLANG_WARN__DUPLICATE_METHOD_MATCH = YES;
				COPY_PHASE_STRIP = NO;
				DEBUG_INFORMATION_FORMAT = dwarf;
				ENABLE_STRICT_OBJC_MSGSEND = YES;
				ENABLE_TESTABILITY = YES;
				GCC_C_LANGUAGE_STANDARD = gnu11;
				GCC_DYNAMIC_NO_PIC = NO;
				GCC_NO_COMMON_BLOCKS = YES;
				GCC_OPTIMIZATION_LEVEL = 0;
				GCC_PREPROCESSOR_DEFINITIONS = (
					"DEBUG=1",
					"$(inherited)",
				);
				GCC_WARN_64_TO_32_BIT_CONVERSION = YES;
				GCC_WARN_ABOUT_RETURN_TYPE = YES_ERROR;
				GCC_WARN_UNDECLARED_SELECTOR = YES;
				GCC_WARN_UNINITIALIZED_AUTOS = YES_AGGRESSIVE;
				GCC_WARN_UNUSED_FUNCTION = YES;
				GCC_WARN_UNUSED_VARIABLE = YES;
				IPHONEOS_DEPLOYMENT_TARGET = 13.6;
				MTL_ENABLE_DEBUG_INFO = INCLUDE_SOURCE;
				MTL_FAST_MATH = YES;
				ONLY_ACTIVE_ARCH = YES;
				SDKROOT = iphoneos;
				SWIFT_ACTIVE_COMPILATION_CONDITIONS = DEBUG;
				SWIFT_OPTIMIZATION_LEVEL = "-Onone";
			};
			name = Debug;
		};
		BDC4BFAF24C7F28A000E2A7B /* Release */ = {
			isa = XCBuildConfiguration;
			buildSettings = {
				ALWAYS_SEARCH_USER_PATHS = NO;
				CLANG_ANALYZER_NONNULL = YES;
				CLANG_ANALYZER_NUMBER_OBJECT_CONVERSION = YES_AGGRESSIVE;
				CLANG_CXX_LANGUAGE_STANDARD = "gnu++14";
				CLANG_CXX_LIBRARY = "libc++";
				CLANG_ENABLE_MODULES = YES;
				CLANG_ENABLE_OBJC_ARC = YES;
				CLANG_ENABLE_OBJC_WEAK = YES;
				CLANG_WARN_BLOCK_CAPTURE_AUTORELEASING = YES;
				CLANG_WARN_BOOL_CONVERSION = YES;
				CLANG_WARN_COMMA = YES;
				CLANG_WARN_CONSTANT_CONVERSION = YES;
				CLANG_WARN_DEPRECATED_OBJC_IMPLEMENTATIONS = YES;
				CLANG_WARN_DIRECT_OBJC_ISA_USAGE = YES_ERROR;
				CLANG_WARN_DOCUMENTATION_COMMENTS = YES;
				CLANG_WARN_EMPTY_BODY = YES;
				CLANG_WARN_ENUM_CONVERSION = YES;
				CLANG_WARN_INFINITE_RECURSION = YES;
				CLANG_WARN_INT_CONVERSION = YES;
				CLANG_WARN_NON_LITERAL_NULL_CONVERSION = YES;
				CLANG_WARN_OBJC_IMPLICIT_RETAIN_SELF = YES;
				CLANG_WARN_OBJC_LITERAL_CONVERSION = YES;
				CLANG_WARN_OBJC_ROOT_CLASS = YES_ERROR;
				CLANG_WARN_RANGE_LOOP_ANALYSIS = YES;
				CLANG_WARN_STRICT_PROTOTYPES = YES;
				CLANG_WARN_SUSPICIOUS_MOVE = YES;
				CLANG_WARN_UNGUARDED_AVAILABILITY = YES_AGGRESSIVE;
				CLANG_WARN_UNREACHABLE_CODE = YES;
				CLANG_WARN__DUPLICATE_METHOD_MATCH = YES;
				COPY_PHASE_STRIP = NO;
				DEBUG_INFORMATION_FORMAT = "dwarf-with-dsym";
				ENABLE_NS_ASSERTIONS = NO;
				ENABLE_STRICT_OBJC_MSGSEND = YES;
				GCC_C_LANGUAGE_STANDARD = gnu11;
				GCC_NO_COMMON_BLOCKS = YES;
				GCC_WARN_64_TO_32_BIT_CONVERSION = YES;
				GCC_WARN_ABOUT_RETURN_TYPE = YES_ERROR;
				GCC_WARN_UNDECLARED_SELECTOR = YES;
				GCC_WARN_UNINITIALIZED_AUTOS = YES_AGGRESSIVE;
				GCC_WARN_UNUSED_FUNCTION = YES;
				GCC_WARN_UNUSED_VARIABLE = YES;
				IPHONEOS_DEPLOYMENT_TARGET = 13.6;
				MTL_ENABLE_DEBUG_INFO = NO;
				MTL_FAST_MATH = YES;
				SDKROOT = iphoneos;
				SWIFT_COMPILATION_MODE = wholemodule;
				SWIFT_OPTIMIZATION_LEVEL = "-O";
				VALIDATE_PRODUCT = YES;
			};
			name = Release;
		};
		BDC4BFB124C7F28A000E2A7B /* Debug */ = {
			isa = XCBuildConfiguration;
			baseConfigurationReference = 23F9F0D1CD1F17E75D4BE925 /* Pods-Muslim Guide.debug.xcconfig */;
			buildSettings = {
				ASSETCATALOG_COMPILER_APPICON_NAME = AppIcon;
				CODE_SIGN_STYLE = Automatic;
				DEVELOPMENT_ASSET_PATHS = "\"Muslim Guide/Preview Content\"";
				DEVELOPMENT_TEAM = 5B6445KTDN;
				ENABLE_PREVIEWS = YES;
				INFOPLIST_FILE = "Muslim Guide/Info.plist";
				LD_RUNPATH_SEARCH_PATHS = (
					"$(inherited)",
					"@executable_path/Frameworks",
				);
				PRODUCT_BUNDLE_IDENTIFIER = "com.MahmoudIsmail.Muslim-Guide";
				PRODUCT_NAME = "$(TARGET_NAME)";
				SWIFT_VERSION = 5.0;
				TARGETED_DEVICE_FAMILY = "1,2";
			};
			name = Debug;
		};
		BDC4BFB224C7F28A000E2A7B /* Release */ = {
			isa = XCBuildConfiguration;
			baseConfigurationReference = 1504496706D4B834C5222B9D /* Pods-Muslim Guide.release.xcconfig */;
			buildSettings = {
				ASSETCATALOG_COMPILER_APPICON_NAME = AppIcon;
				CODE_SIGN_STYLE = Automatic;
				DEVELOPMENT_ASSET_PATHS = "\"Muslim Guide/Preview Content\"";
				DEVELOPMENT_TEAM = 5B6445KTDN;
				ENABLE_PREVIEWS = YES;
				INFOPLIST_FILE = "Muslim Guide/Info.plist";
				LD_RUNPATH_SEARCH_PATHS = (
					"$(inherited)",
					"@executable_path/Frameworks",
				);
				PRODUCT_BUNDLE_IDENTIFIER = "com.MahmoudIsmail.Muslim-Guide";
				PRODUCT_NAME = "$(TARGET_NAME)";
				SWIFT_VERSION = 5.0;
				TARGETED_DEVICE_FAMILY = "1,2";
			};
			name = Release;
		};
/* End XCBuildConfiguration section */

/* Begin XCConfigurationList section */
		BDC4BF9724C7F27C000E2A7B /* Build configuration list for PBXProject "Muslim Guide" */ = {
			isa = XCConfigurationList;
			buildConfigurations = (
				BDC4BFAE24C7F28A000E2A7B /* Debug */,
				BDC4BFAF24C7F28A000E2A7B /* Release */,
			);
			defaultConfigurationIsVisible = 0;
			defaultConfigurationName = Release;
		};
		BDC4BFB024C7F28A000E2A7B /* Build configuration list for PBXNativeTarget "Muslim Guide" */ = {
			isa = XCConfigurationList;
			buildConfigurations = (
				BDC4BFB124C7F28A000E2A7B /* Debug */,
				BDC4BFB224C7F28A000E2A7B /* Release */,
			);
			defaultConfigurationIsVisible = 0;
			defaultConfigurationName = Release;
		};
/* End XCConfigurationList section */
	};
	rootObject = BDC4BF9424C7F27C000E2A7B /* Project object */;
}
